
Microsoft Visual Studio Solution File, Format Version 12.00
# Visual Studio 15
VisualStudioVersion = 15.0.28307.757
MinimumVisualStudioVersion = 10.0.40219.1
Project("{FAE04EC0-301F-11D3-BF4B-00C04F79EFBC}") = "TotoriColeCheat", "TotoriColeCheat\TotoriColeCheat.csproj", "{05234375-1ACC-4E77-A78E-2A772AEDB767}"
EndProject
Global
	GlobalSection(SolutionConfigurationPlatforms) = preSolution
		Debug|Any CPU = Debug|Any CPU
		Release|Any CPU = Release|Any CPU
	EndGlobalSection
	GlobalSection(ProjectConfigurationPlatforms) = postSolution
		{05234375-1ACC-4E77-A78E-2A772AEDB767}.Debug|Any CPU.ActiveCfg = Debug|Any CPU
		{05234375-1ACC-4E77-A78E-2A772AEDB767}.Debug|Any CPU.Build.0 = Debug|Any CPU
		{05234375-1ACC-4E77-A78E-2A772AEDB767}.Release|Any CPU.ActiveCfg = Release|Any CPU
		{05234375-1ACC-4E77-A78E-2A772AEDB767}.Release|Any CPU.Build.0 = Release|Any CPU
	EndGlobalSection
	GlobalSection(SolutionProperties) = preSolution
		HideSolutionNode = FALSE
	EndGlobalSection
	GlobalSection(ExtensibilityGlobals) = postSolution
		SolutionGuid = {CC3770AC-D1D6-4616-9D47-80074A032759}
	EndGlobalSection
EndGlobal
